
Microsoft Visual Studio Solution File, Format Version 12.00
# Visual Studio Version 17
VisualStudioVersion = 17.7.34031.279
MinimumVisualStudioVersion = 10.0.40219.1
Project("{FAE04EC0-301F-11D3-BF4B-00C04F79EFBC}") = "frm_puzzle", "frm_puzzle\frm_puzzle.csproj", "{5A62762A-0929-4454-B200-BA26E1B940C5}"
EndProject
Global
	GlobalSection(SolutionConfigurationPlatforms) = preSolution
		Debug|Any CPU = Debug|Any CPU
		Release|Any CPU = Release|Any CPU
	EndGlobalSection
	GlobalSection(ProjectConfigurationPlatforms) = postSolution
		{5A62762A-0929-4454-B200-BA26E1B940C5}.Debug|Any CPU.ActiveCfg = Debug|Any CPU
		{5A62762A-0929-4454-B200-BA26E1B940C5}.Debug|Any CPU.Build.0 = Debug|Any CPU
		{5A62762A-0929-4454-B200-BA26E1B940C5}.Release|Any CPU.ActiveCfg = Release|Any CPU
		{5A62762A-0929-4454-B200-BA26E1B940C5}.Release|Any CPU.Build.0 = Release|Any CPU
	EndGlobalSection
	GlobalSection(SolutionProperties) = preSolution
		HideSolutionNode = FALSE
	EndGlobalSection
	GlobalSection(ExtensibilityGlobals) = postSolution
		SolutionGuid = {92B785E1-69D2-4B44-85E9-90F30BF50130}
	EndGlobalSection
EndGlobal
